
Microsoft Visual Studio Solution File, Format Version 12.00
# Visual Studio Version 16
VisualStudioVersion = 16.0.31911.196
MinimumVisualStudioVersion = 10.0.40219.1
Project("{FAE04EC0-301F-11D3-BF4B-00C04F79EFBC}") = "Client", "Client\Client.csproj", "{9AD00FEE-9D6E-4FF1-B3E1-50BF88473311}"
EndProject
Project("{FAE04EC0-301F-11D3-BF4B-00C04F79EFBC}") = "Server", "Server\Server.csproj", "{B2C36893-89ED-4E70-827D-A2FDADC20F6C}"
EndProject
Global
	GlobalSection(SolutionConfigurationPlatforms) = preSolution
		Debug|Any CPU = Debug|Any CPU
		Release|Any CPU = Release|Any CPU
	EndGlobalSection
	GlobalSection(ProjectConfigurationPlatforms) = postSolution
		{9AD00FEE-9D6E-4FF1-B3E1-50BF88473311}.Debug|Any CPU.ActiveCfg = Debug|Any CPU
		{9AD00FEE-9D6E-4FF1-B3E1-50BF88473311}.Debug|Any CPU.Build.0 = Debug|Any CPU
		{9AD00FEE-9D6E-4FF1-B3E1-50BF88473311}.Release|Any CPU.ActiveCfg = Release|Any CPU
		{9AD00FEE-9D6E-4FF1-B3E1-50BF88473311}.Release|Any CPU.Build.0 = Release|Any CPU
		{B2C36893-89ED-4E70-827D-A2FDADC20F6C}.Debug|Any CPU.ActiveCfg = Debug|Any CPU
		{B2C36893-89ED-4E70-827D-A2FDADC20F6C}.Debug|Any CPU.Build.0 = Debug|Any CPU
		{B2C36893-89ED-4E70-827D-A2FDADC20F6C}.Release|Any CPU.ActiveCfg = Release|Any CPU
		{B2C36893-89ED-4E70-827D-A2FDADC20F6C}.Release|Any CPU.Build.0 = Release|Any CPU
	EndGlobalSection
	GlobalSection(SolutionProperties) = preSolution
		HideSolutionNode = FALSE
	EndGlobalSection
	GlobalSection(ExtensibilityGlobals) = postSolution
		SolutionGuid = {C98C735A-1324-486E-A7B9-817B9EF50A92}
	EndGlobalSection
EndGlobal
